// !$*UTF8*$!
{
	archiveVersion = 1;
	classes = {
	};
	objectVersion = 46;
	objects = {

/* Begin PBXBuildFile section */
		912B952615630E3500E4AECA /* Icon-72.png in Resources */ = {isa = PBXBuildFile; fileRef = 912B951E15630E3500E4AECA /* Icon-72.png */; };
		912B952715630E3500E4AECA /* Icon-72@2x.png in Resources */ = {isa = PBXBuildFile; fileRef = 912B951F15630E3500E4AECA /* Icon-72@2x.png */; };
		912B952815630E3500E4AECA /* Icon-Small-50.png in Resources */ = {isa = PBXBuildFile; fileRef = 912B952015630E3500E4AECA /* Icon-Small-50.png */; };
		912B952915630E3500E4AECA /* Icon-Small-50@2x.png in Resources */ = {isa = PBXBuildFile; fileRef = 912B952115630E3500E4AECA /* Icon-Small-50@2x.png */; };
		912B952A15630E3500E4AECA /* Icon-Small.png in Resources */ = {isa = PBXBuildFile; fileRef = 912B952215630E3500E4AECA /* Icon-Small.png */; };
		912B952B15630E3500E4AECA /* Icon-Small@2x.png in Resources */ = {isa = PBXBuildFile; fileRef = 912B952315630E3500E4AECA /* Icon-Small@2x.png */; };
		912B952C15630E3500E4AECA /* Icon.png in Resources */ = {isa = PBXBuildFile; fileRef = 912B952415630E3500E4AECA /* Icon.png */; };
		912B952D15630E3500E4AECA /* Icon@2x.png in Resources */ = {isa = PBXBuildFile; fileRef = 912B952515630E3500E4AECA /* Icon@2x.png */; };
		912B9558156311D000E4AECA /* CASettingsIconLight.png in Resources */ = {isa = PBXBuildFile; fileRef = 912B9556156311D000E4AECA /* CASettingsIconLight.png */; };
		912B9559156311D000E4AECA /* CASettingsIconLight@2x.png in Resources */ = {isa = PBXBuildFile; fileRef = 912B9557156311D000E4AECA /* CASettingsIconLight@2x.png */; };
		912B955C1563121900E4AECA /* CASettingsIcon@2x.png in Resources */ = {isa = PBXBuildFile; fileRef = 912B955A1563121900E4AECA /* CASettingsIcon@2x.png */; };
		912B955D1563121900E4AECA /* CASettingsIcon.png in Resources */ = {isa = PBXBuildFile; fileRef = 912B955B1563121900E4AECA /* CASettingsIcon.png */; };
		912EFF221562E4D600DB4B44 /* UIKit.framework in Frameworks */ = {isa = PBXBuildFile; fileRef = 912EFF211562E4D600DB4B44 /* UIKit.framework */; };
		912EFF241562E4D600DB4B44 /* Foundation.framework in Frameworks */ = {isa = PBXBuildFile; fileRef = 912EFF231562E4D600DB4B44 /* Foundation.framework */; };
		912EFF261562E4D600DB4B44 /* CoreGraphics.framework in Frameworks */ = {isa = PBXBuildFile; fileRef = 912EFF251562E4D600DB4B44 /* CoreGraphics.framework */; };
		912EFF2C1562E4D600DB4B44 /* InfoPlist.strings in Resources */ = {isa = PBXBuildFile; fileRef = 912EFF2A1562E4D600DB4B44 /* InfoPlist.strings */; };
		912EFF2E1562E4D600DB4B44 /* main.m in Sources */ = {isa = PBXBuildFile; fileRef = 912EFF2D1562E4D600DB4B44 /* main.m */; };
		912EFF321562E4D600DB4B44 /* CAAppDelegate.m in Sources */ = {isa = PBXBuildFile; fileRef = 912EFF311562E4D600DB4B44 /* CAAppDelegate.m */; };
		912EFF351562E4D600DB4B44 /* MainStoryboard_iPhone.storyboard in Resources */ = {isa = PBXBuildFile; fileRef = 912EFF331562E4D600DB4B44 /* MainStoryboard_iPhone.storyboard */; };
		912EFF381562E4D600DB4B44 /* MainStoryboard_iPad.storyboard in Resources */ = {isa = PBXBuildFile; fileRef = 912EFF361562E4D600DB4B44 /* MainStoryboard_iPad.storyboard */; };
		912EFF3B1562E4D600DB4B44 /* CAMasterViewController.m in Sources */ = {isa = PBXBuildFile; fileRef = 912EFF3A1562E4D600DB4B44 /* CAMasterViewController.m */; };
		912EFF3E1562E4D600DB4B44 /* CADetailViewController.m in Sources */ = {isa = PBXBuildFile; fileRef = 912EFF3D1562E4D600DB4B44 /* CADetailViewController.m */; };
		912EFF451562E61700DB4B44 /* CAWebViews.plist in Resources */ = {isa = PBXBuildFile; fileRef = 912EFF441562E61700DB4B44 /* CAWebViews.plist */; };
		912EFF5B1562F9C600DB4B44 /* navigationButtonBack.png in Resources */ = {isa = PBXBuildFile; fileRef = 912EFF531562F9C600DB4B44 /* navigationButtonBack.png */; };
		912EFF5C1562F9C600DB4B44 /* navigationButtonBack@2x.png in Resources */ = {isa = PBXBuildFile; fileRef = 912EFF541562F9C600DB4B44 /* navigationButtonBack@2x.png */; };
		912EFF5D1562F9C600DB4B44 /* navigationButtonBackPressed.png in Resources */ = {isa = PBXBuildFile; fileRef = 912EFF551562F9C600DB4B44 /* navigationButtonBackPressed.png */; };
		912EFF5E1562F9C600DB4B44 /* navigationButtonBackPressed@2x.png in Resources */ = {isa = PBXBuildFile; fileRef = 912EFF561562F9C600DB4B44 /* navigationButtonBackPressed@2x.png */; };
		912EFF5F1562F9C600DB4B44 /* navigationButtonSquare.png in Resources */ = {isa = PBXBuildFile; fileRef = 912EFF571562F9C600DB4B44 /* navigationButtonSquare.png */; };
		912EFF601562F9C600DB4B44 /* navigationButtonSquare@2x.png in Resources */ = {isa = PBXBuildFile; fileRef = 912EFF581562F9C600DB4B44 /* navigationButtonSquare@2x.png */; };
		912EFF611562F9C600DB4B44 /* navigationButtonSquarePressed.png in Resources */ = {isa = PBXBuildFile; fileRef = 912EFF591562F9C600DB4B44 /* navigationButtonSquarePressed.png */; };
		912EFF621562F9C600DB4B44 /* navigationButtonSquarePressed@2x.png in Resources */ = {isa = PBXBuildFile; fileRef = 912EFF5A1562F9C600DB4B44 /* navigationButtonSquarePressed@2x.png */; };
		912EFF8B1562FBE700DB4B44 /* CABackground.png in Resources */ = {isa = PBXBuildFile; fileRef = 912EFF871562FBE700DB4B44 /* CABackground.png */; };
		912EFF8C1562FBE700DB4B44 /* CABackground@2x.png in Resources */ = {isa = PBXBuildFile; fileRef = 912EFF881562FBE700DB4B44 /* CABackground@2x.png */; };
		912EFF8D1562FBE700DB4B44 /* CANavbar.png in Resources */ = {isa = PBXBuildFile; fileRef = 912EFF891562FBE700DB4B44 /* CANavbar.png */; };
		912EFF8E1562FBE700DB4B44 /* CANavbar@2x.png in Resources */ = {isa = PBXBuildFile; fileRef = 912EFF8A1562FBE700DB4B44 /* CANavbar@2x.png */; };
		912EFF911562FE6400DB4B44 /* CANavbarLarge.png in Resources */ = {isa = PBXBuildFile; fileRef = 912EFF8F1562FE6400DB4B44 /* CANavbarLarge.png */; };
		912EFF921562FE6400DB4B44 /* CANavbarLarge@2x.png in Resources */ = {isa = PBXBuildFile; fileRef = 912EFF901562FE6400DB4B44 /* CANavbarLarge@2x.png */; };
		912EFF951563004A00DB4B44 /* CANavbarLight.png in Resources */ = {isa = PBXBuildFile; fileRef = 912EFF931563004A00DB4B44 /* CANavbarLight.png */; };
		912EFF981563011000DB4B44 /* CANavbarLight@2x.png in Resources */ = {isa = PBXBuildFile; fileRef = 912EFF971563011000DB4B44 /* CANavbarLight@2x.png */; };
		91738D00156AAA1400F9AACF /* CASyncIconLight.png in Resources */ = {isa = PBXBuildFile; fileRef = 91738CFE156AAA1400F9AACF /* CASyncIconLight.png */; };
		91738D01156AAA1400F9AACF /* CASyncIconLight@2x.png in Resources */ = {isa = PBXBuildFile; fileRef = 91738CFF156AAA1400F9AACF /* CASyncIconLight@2x.png */; };
		917D161815640AF6007D8824 /* NavigationButtonLight.png in Resources */ = {isa = PBXBuildFile; fileRef = 917D161015640AF6007D8824 /* NavigationButtonLight.png */; };
		917D161915640AF6007D8824 /* NavigationButtonLight@2x.png in Resources */ = {isa = PBXBuildFile; fileRef = 917D161115640AF6007D8824 /* NavigationButtonLight@2x.png */; };
		917D161A15640AF6007D8824 /* NavigationButtonLightBack.png in Resources */ = {isa = PBXBuildFile; fileRef = 917D161215640AF6007D8824 /* NavigationButtonLightBack.png */; };
		917D161B15640AF6007D8824 /* NavigationButtonLightBack@2x.png in Resources */ = {isa = PBXBuildFile; fileRef = 917D161315640AF6007D8824 /* NavigationButtonLightBack@2x.png */; };
		917D161C15640AF6007D8824 /* NavigationButtonLightBackPressed.png in Resources */ = {isa = PBXBuildFile; fileRef = 917D161415640AF6007D8824 /* NavigationButtonLightBackPressed.png */; };
		917D161D15640AF6007D8824 /* NavigationButtonLightBackPressed@2x.png in Resources */ = {isa = PBXBuildFile; fileRef = 917D161515640AF6007D8824 /* NavigationButtonLightBackPressed@2x.png */; };
		917D161E15640AF6007D8824 /* NavigationButtonLightPressed.png in Resources */ = {isa = PBXBuildFile; fileRef = 917D161615640AF6007D8824 /* NavigationButtonLightPressed.png */; };
		917D161F15640AF6007D8824 /* NavigationButtonLightPressed@2x.png in Resources */ = {isa = PBXBuildFile; fileRef = 917D161715640AF6007D8824 /* NavigationButtonLightPressed@2x.png */; };
/* End PBXBuildFile section */

/* Begin PBXFileReference section */
		912B951E15630E3500E4AECA /* Icon-72.png */ = {isa = PBXFileReference; lastKnownFileType = image.png; name = "Icon-72.png"; path = "App Icon/Icon-72.png"; sourceTree = "<group>"; };
		912B951F15630E3500E4AECA /* Icon-72@2x.png */ = {isa = PBXFileReference; lastKnownFileType = image.png; name = "Icon-72@2x.png"; path = "App Icon/Icon-72@2x.png"; sourceTree = "<group>"; };
		912B952015630E3500E4AECA /* Icon-Small-50.png */ = {isa = PBXFileReference; lastKnownFileType = image.png; name = "Icon-Small-50.png"; path = "App Icon/Icon-Small-50.png"; sourceTree = "<group>"; };
		912B952115630E3500E4AECA /* Icon-Small-50@2x.png */ = {isa = PBXFileReference; lastKnownFileType = image.png; name = "Icon-Small-50@2x.png"; path = "App Icon/Icon-Small-50@2x.png"; sourceTree = "<group>"; };
		912B952215630E3500E4AECA /* Icon-Small.png */ = {isa = PBXFileReference; lastKnownFileType = image.png; name = "Icon-Small.png"; path = "App Icon/Icon-Small.png"; sourceTree = "<group>"; };
		912B952315630E3500E4AECA /* Icon-Small@2x.png */ = {isa = PBXFileReference; lastKnownFileType = image.png; name = "Icon-Small@2x.png"; path = "App Icon/Icon-Small@2x.png"; sourceTree = "<group>"; };
		912B952415630E3500E4AECA /* Icon.png */ = {isa = PBXFileReference; lastKnownFileType = image.png; name = Icon.png; path = "App Icon/Icon.png"; sourceTree = "<group>"; };
		912B952515630E3500E4AECA /* Icon@2x.png */ = {isa = PBXFileReference; lastKnownFileType = image.png; name = "Icon@2x.png"; path = "App Icon/Icon@2x.png"; sourceTree = "<group>"; };
		912B9556156311D000E4AECA /* CASettingsIconLight.png */ = {isa = PBXFileReference; lastKnownFileType = image.png; path = CASettingsIconLight.png; sourceTree = "<group>"; };
		912B9557156311D000E4AECA /* CASettingsIconLight@2x.png */ = {isa = PBXFileReference; lastKnownFileType = image.png; path = "CASettingsIconLight@2x.png"; sourceTree = "<group>"; };
		912B955A1563121900E4AECA /* CASettingsIcon@2x.png */ = {isa = PBXFileReference; lastKnownFileType = image.png; path = "CASettingsIcon@2x.png"; sourceTree = "<group>"; };
		912B955B1563121900E4AECA /* CASettingsIcon.png */ = {isa = PBXFileReference; lastKnownFileType = image.png; path = CASettingsIcon.png; sourceTree = "<group>"; };
		912EFF1D1562E4D600DB4B44 /* Concourse Alpha.app */ = {isa = PBXFileReference; explicitFileType = wrapper.application; includeInIndex = 0; path = "Concourse Alpha.app"; sourceTree = BUILT_PRODUCTS_DIR; };
		912EFF211562E4D600DB4B44 /* UIKit.framework */ = {isa = PBXFileReference; lastKnownFileType = wrapper.framework; name = UIKit.framework; path = System/Library/Frameworks/UIKit.framework; sourceTree = SDKROOT; };
		912EFF231562E4D600DB4B44 /* Foundation.framework */ = {isa = PBXFileReference; lastKnownFileType = wrapper.framework; name = Foundation.framework; path = System/Library/Frameworks/Foundation.framework; sourceTree = SDKROOT; };
		912EFF251562E4D600DB4B44 /* CoreGraphics.framework */ = {isa = PBXFileReference; lastKnownFileType = wrapper.framework; name = CoreGraphics.framework; path = System/Library/Frameworks/CoreGraphics.framework; sourceTree = SDKROOT; };
		912EFF291562E4D600DB4B44 /* Concourse Alpha-Info.plist */ = {isa = PBXFileReference; lastKnownFileType = text.plist.xml; path = "Concourse Alpha-Info.plist"; sourceTree = "<group>"; };
		912EFF2B1562E4D600DB4B44 /* en */ = {isa = PBXFileReference; lastKnownFileType = text.plist.strings; name = en; path = en.lproj/InfoPlist.strings; sourceTree = "<group>"; };
		912EFF2D1562E4D600DB4B44 /* main.m */ = {isa = PBXFileReference; lastKnownFileType = sourcecode.c.objc; path = main.m; sourceTree = "<group>"; };
		912EFF2F1562E4D600DB4B44 /* Concourse Alpha-Prefix.pch */ = {isa = PBXFileReference; lastKnownFileType = sourcecode.c.h; path = "Concourse Alpha-Prefix.pch"; sourceTree = "<group>"; };
		912EFF301562E4D600DB4B44 /* CAAppDelegate.h */ = {isa = PBXFileReference; lastKnownFileType = sourcecode.c.h; path = CAAppDelegate.h; sourceTree = "<group>"; };
		912EFF311562E4D600DB4B44 /* CAAppDelegate.m */ = {isa = PBXFileReference; lastKnownFileType = sourcecode.c.objc; path = CAAppDelegate.m; sourceTree = "<group>"; };
		912EFF341562E4D600DB4B44 /* en */ = {isa = PBXFileReference; lastKnownFileType = file.storyboard; name = en; path = en.lproj/MainStoryboard_iPhone.storyboard; sourceTree = "<group>"; };
		912EFF371562E4D600DB4B44 /* en */ = {isa = PBXFileReference; lastKnownFileType = file.storyboard; name = en; path = en.lproj/MainStoryboard_iPad.storyboard; sourceTree = "<group>"; };
		912EFF391562E4D600DB4B44 /* CAMasterViewController.h */ = {isa = PBXFileReference; lastKnownFileType = sourcecode.c.h; path = CAMasterViewController.h; sourceTree = "<group>"; };
		912EFF3A1562E4D600DB4B44 /* CAMasterViewController.m */ = {isa = PBXFileReference; lastKnownFileType = sourcecode.c.objc; path = CAMasterViewController.m; sourceTree = "<group>"; };
		912EFF3C1562E4D600DB4B44 /* CADetailViewController.h */ = {isa = PBXFileReference; lastKnownFileType = sourcecode.c.h; path = CADetailViewController.h; sourceTree = "<group>"; };
		912EFF3D1562E4D600DB4B44 /* CADetailViewController.m */ = {isa = PBXFileReference; lastKnownFileType = sourcecode.c.objc; path = CADetailViewController.m; sourceTree = "<group>"; };
		912EFF441562E61700DB4B44 /* CAWebViews.plist */ = {isa = PBXFileReference; fileEncoding = 4; lastKnownFileType = text.plist.xml; path = CAWebViews.plist; sourceTree = "<group>"; };
		912EFF531562F9C600DB4B44 /* navigationButtonBack.png */ = {isa = PBXFileReference; lastKnownFileType = image.png; path = navigationButtonBack.png; sourceTree = "<group>"; };
		912EFF541562F9C600DB4B44 /* navigationButtonBack@2x.png */ = {isa = PBXFileReference; lastKnownFileType = image.png; path = "navigationButtonBack@2x.png"; sourceTree = "<group>"; };
		912EFF551562F9C600DB4B44 /* navigationButtonBackPressed.png */ = {isa = PBXFileReference; lastKnownFileType = image.png; path = navigationButtonBackPressed.png; sourceTree = "<group>"; };
		912EFF561562F9C600DB4B44 /* navigationButtonBackPressed@2x.png */ = {isa = PBXFileReference; lastKnownFileType = image.png; path = "navigationButtonBackPressed@2x.png"; sourceTree = "<group>"; };
		912EFF571562F9C600DB4B44 /* navigationButtonSquare.png */ = {isa = PBXFileReference; lastKnownFileType = image.png; path = navigationButtonSquare.png; sourceTree = "<group>"; };
		912EFF581562F9C600DB4B44 /* navigationButtonSquare@2x.png */ = {isa = PBXFileReference; lastKnownFileType = image.png; path = "navigationButtonSquare@2x.png"; sourceTree = "<group>"; };
		912EFF591562F9C600DB4B44 /* navigationButtonSquarePressed.png */ = {isa = PBXFileReference; lastKnownFileType = image.png; path = navigationButtonSquarePressed.png; sourceTree = "<group>"; };
		912EFF5A1562F9C600DB4B44 /* navigationButtonSquarePressed@2x.png */ = {isa = PBXFileReference; lastKnownFileType = image.png; path = "navigationButtonSquarePressed@2x.png"; sourceTree = "<group>"; };
		912EFF871562FBE700DB4B44 /* CABackground.png */ = {isa = PBXFileReference; lastKnownFileType = image.png; path = CABackground.png; sourceTree = "<group>"; };
		912EFF881562FBE700DB4B44 /* CABackground@2x.png */ = {isa = PBXFileReference; lastKnownFileType = image.png; path = "CABackground@2x.png"; sourceTree = "<group>"; };
		912EFF891562FBE700DB4B44 /* CANavbar.png */ = {isa = PBXFileReference; lastKnownFileType = image.png; path = CANavbar.png; sourceTree = "<group>"; };
		912EFF8A1562FBE700DB4B44 /* CANavbar@2x.png */ = {isa = PBXFileReference; lastKnownFileType = image.png; path = "CANavbar@2x.png"; sourceTree = "<group>"; };
		912EFF8F1562FE6400DB4B44 /* CANavbarLarge.png */ = {isa = PBXFileReference; lastKnownFileType = image.png; path = CANavbarLarge.png; sourceTree = "<group>"; };
		912EFF901562FE6400DB4B44 /* CANavbarLarge@2x.png */ = {isa = PBXFileReference; lastKnownFileType = image.png; path = "CANavbarLarge@2x.png"; sourceTree = "<group>"; };
		912EFF931563004A00DB4B44 /* CANavbarLight.png */ = {isa = PBXFileReference; lastKnownFileType = image.png; path = CANavbarLight.png; sourceTree = "<group>"; };
		912EFF971563011000DB4B44 /* CANavbarLight@2x.png */ = {isa = PBXFileReference; lastKnownFileType = image.png; path = "CANavbarLight@2x.png"; sourceTree = "<group>"; };
		91738CFE156AAA1400F9AACF /* CASyncIconLight.png */ = {isa = PBXFileReference; lastKnownFileType = image.png; path = CASyncIconLight.png; sourceTree = "<group>"; };
		91738CFF156AAA1400F9AACF /* CASyncIconLight@2x.png */ = {isa = PBXFileReference; lastKnownFileType = image.png; path = "CASyncIconLight@2x.png"; sourceTree = "<group>"; };
		917D161015640AF6007D8824 /* NavigationButtonLight.png */ = {isa = PBXFileReference; lastKnownFileType = image.png; path = NavigationButtonLight.png; sourceTree = "<group>"; };
		917D161115640AF6007D8824 /* NavigationButtonLight@2x.png */ = {isa = PBXFileReference; lastKnownFileType = image.png; path = "NavigationButtonLight@2x.png"; sourceTree = "<group>"; };
		917D161215640AF6007D8824 /* NavigationButtonLightBack.png */ = {isa = PBXFileReference; lastKnownFileType = image.png; path = NavigationButtonLightBack.png; sourceTree = "<group>"; };
		917D161315640AF6007D8824 /* NavigationButtonLightBack@2x.png */ = {isa = PBXFileReference; lastKnownFileType = image.png; path = "NavigationButtonLightBack@2x.png"; sourceTree = "<group>"; };
		917D161415640AF6007D8824 /* NavigationButtonLightBackPressed.png */ = {isa = PBXFileReference; lastKnownFileType = image.png; path = NavigationButtonLightBackPressed.png; sourceTree = "<group>"; };
		917D161515640AF6007D8824 /* NavigationButtonLightBackPressed@2x.png */ = {isa = PBXFileReference; lastKnownFileType = image.png; path = "NavigationButtonLightBackPressed@2x.png"; sourceTree = "<group>"; };
		917D161615640AF6007D8824 /* NavigationButtonLightPressed.png */ = {isa = PBXFileReference; lastKnownFileType = image.png; path = NavigationButtonLightPressed.png; sourceTree = "<group>"; };
		917D161715640AF6007D8824 /* NavigationButtonLightPressed@2x.png */ = {isa = PBXFileReference; lastKnownFileType = image.png; path = "NavigationButtonLightPressed@2x.png"; sourceTree = "<group>"; };
/* End PBXFileReference section */

/* Begin PBXFrameworksBuildPhase section */
		912EFF1A1562E4D600DB4B44 /* Frameworks */ = {
			isa = PBXFrameworksBuildPhase;
			buildActionMask = 2147483647;
			files = (
				912EFF221562E4D600DB4B44 /* UIKit.framework in Frameworks */,
				912EFF241562E4D600DB4B44 /* Foundation.framework in Frameworks */,
				912EFF261562E4D600DB4B44 /* CoreGraphics.framework in Frameworks */,
			);
			runOnlyForDeploymentPostprocessing = 0;
		};
/* End PBXFrameworksBuildPhase section */

/* Begin PBXGroup section */
		912B951D15630E2A00E4AECA /* App Icon */ = {
			isa = PBXGroup;
			children = (
				912B951E15630E3500E4AECA /* Icon-72.png */,
				912B951F15630E3500E4AECA /* Icon-72@2x.png */,
				912B952015630E3500E4AECA /* Icon-Small-50.png */,
				912B952115630E3500E4AECA /* Icon-Small-50@2x.png */,
				912B952215630E3500E4AECA /* Icon-Small.png */,
				912B952315630E3500E4AECA /* Icon-Small@2x.png */,
				912B952415630E3500E4AECA /* Icon.png */,
				912B952515630E3500E4AECA /* Icon@2x.png */,
			);
			name = "App Icon";
			sourceTree = "<group>";
		};
		912B9555156311C300E4AECA /* Images */ = {
			isa = PBXGroup;
			children = (
				91738CFE156AAA1400F9AACF /* CASyncIconLight.png */,
				91738CFF156AAA1400F9AACF /* CASyncIconLight@2x.png */,
				912B955A1563121900E4AECA /* CASettingsIcon@2x.png */,
				912B955B1563121900E4AECA /* CASettingsIcon.png */,
				912B9556156311D000E4AECA /* CASettingsIconLight.png */,
				912B9557156311D000E4AECA /* CASettingsIconLight@2x.png */,
				912EFF641562F9D500DB4B44 /* Navigation Buttons */,
				912B951D15630E2A00E4AECA /* App Icon */,
				912EFF871562FBE700DB4B44 /* CABackground.png */,
				912EFF881562FBE700DB4B44 /* CABackground@2x.png */,
				912EFF8F1562FE6400DB4B44 /* CANavbarLarge.png */,
				912EFF901562FE6400DB4B44 /* CANavbarLarge@2x.png */,
				912EFF891562FBE700DB4B44 /* CANavbar.png */,
				912EFF931563004A00DB4B44 /* CANavbarLight.png */,
				912EFF971563011000DB4B44 /* CANavbarLight@2x.png */,
				912EFF8A1562FBE700DB4B44 /* CANavbar@2x.png */,
			);
			name = Images;
			sourceTree = "<group>";
		};
		912EFF121562E4D600DB4B44 = {
			isa = PBXGroup;
			children = (
				912EFF271562E4D600DB4B44 /* Concourse Alpha */,
				912EFF201562E4D600DB4B44 /* Frameworks */,
				912EFF1E1562E4D600DB4B44 /* Products */,
			);
			sourceTree = "<group>";
		};
		912EFF1E1562E4D600DB4B44 /* Products */ = {
			isa = PBXGroup;
			children = (
				912EFF1D1562E4D600DB4B44 /* Concourse Alpha.app */,
			);
			name = Products;
			sourceTree = "<group>";
		};
		912EFF201562E4D600DB4B44 /* Frameworks */ = {
			isa = PBXGroup;
			children = (
				912EFF211562E4D600DB4B44 /* UIKit.framework */,
				912EFF231562E4D600DB4B44 /* Foundation.framework */,
				912EFF251562E4D600DB4B44 /* CoreGraphics.framework */,
			);
			name = Frameworks;
			sourceTree = "<group>";
		};
		912EFF271562E4D600DB4B44 /* Concourse Alpha */ = {
			isa = PBXGroup;
			children = (
				912EFF301562E4D600DB4B44 /* CAAppDelegate.h */,
				912EFF311562E4D600DB4B44 /* CAAppDelegate.m */,
				912EFF331562E4D600DB4B44 /* MainStoryboard_iPhone.storyboard */,
				912EFF361562E4D600DB4B44 /* MainStoryboard_iPad.storyboard */,
				912EFF391562E4D600DB4B44 /* CAMasterViewController.h */,
				912EFF3A1562E4D600DB4B44 /* CAMasterViewController.m */,
				912EFF441562E61700DB4B44 /* CAWebViews.plist */,
				912EFF3C1562E4D600DB4B44 /* CADetailViewController.h */,
				912EFF3D1562E4D600DB4B44 /* CADetailViewController.m */,
				912EFF281562E4D600DB4B44 /* Supporting Files */,
			);
			path = "Concourse Alpha";
			sourceTree = "<group>";
		};
		912EFF281562E4D600DB4B44 /* Supporting Files */ = {
			isa = PBXGroup;
			children = (
				912B9555156311C300E4AECA /* Images */,
				912EFF291562E4D600DB4B44 /* Concourse Alpha-Info.plist */,
				912EFF2A1562E4D600DB4B44 /* InfoPlist.strings */,
				912EFF2D1562E4D600DB4B44 /* main.m */,
				912EFF2F1562E4D600DB4B44 /* Concourse Alpha-Prefix.pch */,
			);
			name = "Supporting Files";
			sourceTree = "<group>";
		};
		912EFF641562F9D500DB4B44 /* Navigation Buttons */ = {
			isa = PBXGroup;
			children = (
				917D161015640AF6007D8824 /* NavigationButtonLight.png */,
				917D161115640AF6007D8824 /* NavigationButtonLight@2x.png */,
				917D161215640AF6007D8824 /* NavigationButtonLightBack.png */,
				917D161315640AF6007D8824 /* NavigationButtonLightBack@2x.png */,
				917D161415640AF6007D8824 /* NavigationButtonLightBackPressed.png */,
				917D161515640AF6007D8824 /* NavigationButtonLightBackPressed@2x.png */,
				917D161615640AF6007D8824 /* NavigationButtonLightPressed.png */,
				917D161715640AF6007D8824 /* NavigationButtonLightPressed@2x.png */,
				912EFF531562F9C600DB4B44 /* navigationButtonBack.png */,
				912EFF541562F9C600DB4B44 /* navigationButtonBack@2x.png */,
				912EFF551562F9C600DB4B44 /* navigationButtonBackPressed.png */,
				912EFF561562F9C600DB4B44 /* navigationButtonBackPressed@2x.png */,
				912EFF571562F9C600DB4B44 /* navigationButtonSquare.png */,
				912EFF581562F9C600DB4B44 /* navigationButtonSquare@2x.png */,
				912EFF591562F9C600DB4B44 /* navigationButtonSquarePressed.png */,
				912EFF5A1562F9C600DB4B44 /* navigationButtonSquarePressed@2x.png */,
			);
			name = "Navigation Buttons";
			sourceTree = "<group>";
		};
/* End PBXGroup section */

/* Begin PBXNativeTarget section */
		912EFF1C1562E4D600DB4B44 /* Concourse Alpha */ = {
			isa = PBXNativeTarget;
			buildConfigurationList = 912EFF411562E4D600DB4B44 /* Build configuration list for PBXNativeTarget "Concourse Alpha" */;
			buildPhases = (
				912EFF191562E4D600DB4B44 /* Sources */,
				912EFF1A1562E4D600DB4B44 /* Frameworks */,
				912EFF1B1562E4D600DB4B44 /* Resources */,
			);
			buildRules = (
			);
			dependencies = (
			);
			name = "Concourse Alpha";
			productName = "Concourse Alpha";
			productReference = 912EFF1D1562E4D600DB4B44 /* Concourse Alpha.app */;
			productType = "com.apple.product-type.application";
		};
/* End PBXNativeTarget section */

/* Begin PBXProject section */
		912EFF141562E4D600DB4B44 /* Project object */ = {
			isa = PBXProject;
			attributes = {
				CLASSPREFIX = CA;
				LastUpgradeCheck = 0430;
				ORGANIZATIONNAME = "University of Colorado, Boulder";
			};
			buildConfigurationList = 912EFF171562E4D600DB4B44 /* Build configuration list for PBXProject "Concourse Alpha" */;
			compatibilityVersion = "Xcode 3.2";
			developmentRegion = English;
			hasScannedForEncodings = 0;
			knownRegions = (
				en,
			);
			mainGroup = 912EFF121562E4D600DB4B44;
			productRefGroup = 912EFF1E1562E4D600DB4B44 /* Products */;
			projectDirPath = "";
			projectRoot = "";
			targets = (
				912EFF1C1562E4D600DB4B44 /* Concourse Alpha */,
			);
		};
/* End PBXProject section */

/* Begin PBXResourcesBuildPhase section */
		912EFF1B1562E4D600DB4B44 /* Resources */ = {
			isa = PBXResourcesBuildPhase;
			buildActionMask = 2147483647;
			files = (
				912EFF2C1562E4D600DB4B44 /* InfoPlist.strings in Resources */,
				912EFF351562E4D600DB4B44 /* MainStoryboard_iPhone.storyboard in Resources */,
				912EFF381562E4D600DB4B44 /* MainStoryboard_iPad.storyboard in Resources */,
				912EFF451562E61700DB4B44 /* CAWebViews.plist in Resources */,
				912EFF5B1562F9C600DB4B44 /* navigationButtonBack.png in Resources */,
				912EFF5C1562F9C600DB4B44 /* navigationButtonBack@2x.png in Resources */,
				912EFF5D1562F9C600DB4B44 /* navigationButtonBackPressed.png in Resources */,
				912EFF5E1562F9C600DB4B44 /* navigationButtonBackPressed@2x.png in Resources */,
				912EFF5F1562F9C600DB4B44 /* navigationButtonSquare.png in Resources */,
				912EFF601562F9C600DB4B44 /* navigationButtonSquare@2x.png in Resources */,
				912EFF611562F9C600DB4B44 /* navigationButtonSquarePressed.png in Resources */,
				912EFF621562F9C600DB4B44 /* navigationButtonSquarePressed@2x.png in Resources */,
				912EFF8B1562FBE700DB4B44 /* CABackground.png in Resources */,
				912EFF8C1562FBE700DB4B44 /* CABackground@2x.png in Resources */,
				912EFF8D1562FBE700DB4B44 /* CANavbar.png in Resources */,
				912EFF8E1562FBE700DB4B44 /* CANavbar@2x.png in Resources */,
				912EFF911562FE6400DB4B44 /* CANavbarLarge.png in Resources */,
				912EFF921562FE6400DB4B44 /* CANavbarLarge@2x.png in Resources */,
				912EFF951563004A00DB4B44 /* CANavbarLight.png in Resources */,
				912EFF981563011000DB4B44 /* CANavbarLight@2x.png in Resources */,
				912B952615630E3500E4AECA /* Icon-72.png in Resources */,
				912B952715630E3500E4AECA /* Icon-72@2x.png in Resources */,
				912B952815630E3500E4AECA /* Icon-Small-50.png in Resources */,
				912B952915630E3500E4AECA /* Icon-Small-50@2x.png in Resources */,
				912B952A15630E3500E4AECA /* Icon-Small.png in Resources */,
				912B952B15630E3500E4AECA /* Icon-Small@2x.png in Resources */,
				912B952C15630E3500E4AECA /* Icon.png in Resources */,
				912B952D15630E3500E4AECA /* Icon@2x.png in Resources */,
				912B9558156311D000E4AECA /* CASettingsIconLight.png in Resources */,
				912B9559156311D000E4AECA /* CASettingsIconLight@2x.png in Resources */,
				912B955C1563121900E4AECA /* CASettingsIcon@2x.png in Resources */,
				912B955D1563121900E4AECA /* CASettingsIcon.png in Resources */,
				917D161815640AF6007D8824 /* NavigationButtonLight.png in Resources */,
				917D161915640AF6007D8824 /* NavigationButtonLight@2x.png in Resources */,
				917D161A15640AF6007D8824 /* NavigationButtonLightBack.png in Resources */,
				917D161B15640AF6007D8824 /* NavigationButtonLightBack@2x.png in Resources */,
				917D161C15640AF6007D8824 /* NavigationButtonLightBackPressed.png in Resources */,
				917D161D15640AF6007D8824 /* NavigationButtonLightBackPressed@2x.png in Resources */,
				917D161E15640AF6007D8824 /* NavigationButtonLightPressed.png in Resources */,
				917D161F15640AF6007D8824 /* NavigationButtonLightPressed@2x.png in Resources */,
				91738D00156AAA1400F9AACF /* CASyncIconLight.png in Resources */,
				91738D01156AAA1400F9AACF /* CASyncIconLight@2x.png in Resources */,
			);
			runOnlyForDeploymentPostprocessing = 0;
		};
/* End PBXResourcesBuildPhase section */

/* Begin PBXSourcesBuildPhase section */
		912EFF191562E4D600DB4B44 /* Sources */ = {
			isa = PBXSourcesBuildPhase;
			buildActionMask = 2147483647;
			files = (
				912EFF2E1562E4D600DB4B44 /* main.m in Sources */,
				912EFF321562E4D600DB4B44 /* CAAppDelegate.m in Sources */,
				912EFF3B1562E4D600DB4B44 /* CAMasterViewController.m in Sources */,
				912EFF3E1562E4D600DB4B44 /* CADetailViewController.m in Sources */,
			);
			runOnlyForDeploymentPostprocessing = 0;
		};
/* End PBXSourcesBuildPhase section */

/* Begin PBXVariantGroup section */
		912EFF2A1562E4D600DB4B44 /* InfoPlist.strings */ = {
			isa = PBXVariantGroup;
			children = (
				912EFF2B1562E4D600DB4B44 /* en */,
			);
			name = InfoPlist.strings;
			sourceTree = "<group>";
		};
		912EFF331562E4D600DB4B44 /* MainStoryboard_iPhone.storyboard */ = {
			isa = PBXVariantGroup;
			children = (
				912EFF341562E4D600DB4B44 /* en */,
			);
			name = MainStoryboard_iPhone.storyboard;
			sourceTree = "<group>";
		};
		912EFF361562E4D600DB4B44 /* MainStoryboard_iPad.storyboard */ = {
			isa = PBXVariantGroup;
			children = (
				912EFF371562E4D600DB4B44 /* en */,
			);
			name = MainStoryboard_iPad.storyboard;
			sourceTree = "<group>";
		};
/* End PBXVariantGroup section */

/* Begin XCBuildConfiguration section */
		912EFF3F1562E4D600DB4B44 /* Debug */ = {
			isa = XCBuildConfiguration;
			buildSettings = {
				ALWAYS_SEARCH_USER_PATHS = NO;
				ARCHS = "$(ARCHS_STANDARD_32_BIT)";
				CLANG_ENABLE_OBJC_ARC = YES;
				"CODE_SIGN_IDENTITY[sdk=iphoneos*]" = "iPhone Developer";
				COPY_PHASE_STRIP = NO;
				GCC_C_LANGUAGE_STANDARD = gnu99;
				GCC_DYNAMIC_NO_PIC = NO;
				GCC_OPTIMIZATION_LEVEL = 0;
				GCC_PREPROCESSOR_DEFINITIONS = (
					"DEBUG=1",
					"$(inherited)",
				);
				GCC_SYMBOLS_PRIVATE_EXTERN = NO;
				GCC_VERSION = com.apple.compilers.llvm.clang.1_0;
				GCC_WARN_ABOUT_RETURN_TYPE = YES;
				GCC_WARN_UNINITIALIZED_AUTOS = YES;
				GCC_WARN_UNUSED_VARIABLE = YES;
				IPHONEOS_DEPLOYMENT_TARGET = 5.1;
				SDKROOT = iphoneos;
				TARGETED_DEVICE_FAMILY = "1,2";
			};
			name = Debug;
		};
		912EFF401562E4D600DB4B44 /* Release */ = {
			isa = XCBuildConfiguration;
			buildSettings = {
				ALWAYS_SEARCH_USER_PATHS = NO;
				ARCHS = "$(ARCHS_STANDARD_32_BIT)";
				CLANG_ENABLE_OBJC_ARC = YES;
				"CODE_SIGN_IDENTITY[sdk=iphoneos*]" = "iPhone Developer";
				COPY_PHASE_STRIP = YES;
				GCC_C_LANGUAGE_STANDARD = gnu99;
				GCC_VERSION = com.apple.compilers.llvm.clang.1_0;
				GCC_WARN_ABOUT_RETURN_TYPE = YES;
				GCC_WARN_UNINITIALIZED_AUTOS = YES;
				GCC_WARN_UNUSED_VARIABLE = YES;
				IPHONEOS_DEPLOYMENT_TARGET = 5.1;
				OTHER_CFLAGS = "-DNS_BLOCK_ASSERTIONS=1";
				SDKROOT = iphoneos;
				TARGETED_DEVICE_FAMILY = "1,2";
				VALIDATE_PRODUCT = YES;
			};
			name = Release;
		};
		912EFF421562E4D600DB4B44 /* Debug */ = {
			isa = XCBuildConfiguration;
			buildSettings = {
				GCC_PRECOMPILE_PREFIX_HEADER = YES;
				GCC_PREFIX_HEADER = "Concourse Alpha/Concourse Alpha-Prefix.pch";
				INFOPLIST_FILE = "Concourse Alpha/Concourse Alpha-Info.plist";
				PRODUCT_NAME = "$(TARGET_NAME)";
				WRAPPER_EXTENSION = app;
			};
			name = Debug;
		};
		912EFF431562E4D600DB4B44 /* Release */ = {
			isa = XCBuildConfiguration;
			buildSettings = {
				GCC_PRECOMPILE_PREFIX_HEADER = YES;
				GCC_PREFIX_HEADER = "Concourse Alpha/Concourse Alpha-Prefix.pch";
				INFOPLIST_FILE = "Concourse Alpha/Concourse Alpha-Info.plist";
				PRODUCT_NAME = "$(TARGET_NAME)";
				WRAPPER_EXTENSION = app;
			};
			name = Release;
		};
/* End XCBuildConfiguration section */

/* Begin XCConfigurationList section */
		912EFF171562E4D600DB4B44 /* Build configuration list for PBXProject "Concourse Alpha" */ = {
			isa = XCConfigurationList;
			buildConfigurations = (
				912EFF3F1562E4D600DB4B44 /* Debug */,
				912EFF401562E4D600DB4B44 /* Release */,
			);
			defaultConfigurationIsVisible = 0;
			defaultConfigurationName = Release;
		};
		912EFF411562E4D600DB4B44 /* Build configuration list for PBXNativeTarget "Concourse Alpha" */ = {
			isa = XCConfigurationList;
			buildConfigurations = (
				912EFF421562E4D600DB4B44 /* Debug */,
				912EFF431562E4D600DB4B44 /* Release */,
			);
			defaultConfigurationIsVisible = 0;
			defaultConfigurationName = Release;
		};
/* End XCConfigurationList section */
	};
	rootObject = 912EFF141562E4D600DB4B44 /* Project object */;
}
